
Microsoft Visual Studio Solution File, Format Version 12.00
# Visual Studio 15
Project("{FAE04EC0-301F-11D3-BF4B-00C04F79EFBC}") = "ToyRobotSimulator", "ToyRobotSimulator\ToyRobotSimulator.csproj", "{37A0B524-C610-4C86-91A3-7701B509638F}"
EndProject
Project("{FAE04EC0-301F-11D3-BF4B-00C04F79EFBC}") = "ToyRobotSimulatorTests", "ToyRobotSimulatorTests\ToyRobotSimulatorTests.csproj", "{9B17374E-1D75-4CD3-BD7F-E2C8572E9A2D}"
EndProject
Global
	GlobalSection(SolutionConfigurationPlatforms) = preSolution
		Debug|anycpu = Debug|anycpu
		Release|anycpu = Release|anycpu
	EndGlobalSection
	GlobalSection(ProjectConfigurationPlatforms) = postSolution
		{37A0B524-C610-4C86-91A3-7701B509638F}.Debug|anycpu.ActiveCfg = Debug|anycpu
		{37A0B524-C610-4C86-91A3-7701B509638F}.Debug|anycpu.Build.0 = Debug|anycpu
		{37A0B524-C610-4C86-91A3-7701B509638F}.Release|anycpu.ActiveCfg = Release|anycpu
		{37A0B524-C610-4C86-91A3-7701B509638F}.Release|anycpu.Build.0 = Release|anycpu
		{9B17374E-1D75-4CD3-BD7F-E2C8572E9A2D}.Debug|anycpu.ActiveCfg = Debug|Any CPU
		{9B17374E-1D75-4CD3-BD7F-E2C8572E9A2D}.Debug|anycpu.Build.0 = Debug|Any CPU
		{9B17374E-1D75-4CD3-BD7F-E2C8572E9A2D}.Release|anycpu.ActiveCfg = Release|Any CPU
		{9B17374E-1D75-4CD3-BD7F-E2C8572E9A2D}.Release|anycpu.Build.0 = Release|Any CPU
	EndGlobalSection
EndGlobal
